// !$*UTF8*$!
{
	archiveVersion = 1;
	classes = {
	};
	objectVersion = 46;
	objects = {

/* Begin PBXBuildFile section */
		F686D3351C3B3C1100CE628A /* main.m in Sources */ = {isa = PBXBuildFile; fileRef = F686D3341C3B3C1100CE628A /* main.m */; };
		F686D3381C3B3C1100CE628A /* AppDelegate.m in Sources */ = {isa = PBXBuildFile; fileRef = F686D3371C3B3C1100CE628A /* AppDelegate.m */; };
		F686D33B1C3B3C1100CE628A /* FirstViewController.m in Sources */ = {isa = PBXBuildFile; fileRef = F686D33A1C3B3C1100CE628A /* FirstViewController.m */; };
		F686D33E1C3B3C1100CE628A /* SecondViewController.m in Sources */ = {isa = PBXBuildFile; fileRef = F686D33D1C3B3C1100CE628A /* SecondViewController.m */; };
		F686D3411C3B3C1200CE628A /* Main.storyboard in Resources */ = {isa = PBXBuildFile; fileRef = F686D33F1C3B3C1200CE628A /* Main.storyboard */; };
		F686D3431C3B3C1200CE628A /* Assets.xcassets in Resources */ = {isa = PBXBuildFile; fileRef = F686D3421C3B3C1200CE628A /* Assets.xcassets */; };
		F686D3461C3B3C1200CE628A /* LaunchScreen.storyboard in Resources */ = {isa = PBXBuildFile; fileRef = F686D3441C3B3C1200CE628A /* LaunchScreen.storyboard */; };
		F686D3511C3B3C1200CE628A /* DeploymentsTests.m in Sources */ = {isa = PBXBuildFile; fileRef = F686D3501C3B3C1200CE628A /* DeploymentsTests.m */; };
		F686D35C1C3B3C1200CE628A /* DeploymentsUITests.m in Sources */ = {isa = PBXBuildFile; fileRef = F686D35B1C3B3C1200CE628A /* DeploymentsUITests.m */; };
/* End PBXBuildFile section */

/* Begin PBXContainerItemProxy section */
		F686D34D1C3B3C1200CE628A /* PBXContainerItemProxy */ = {
			isa = PBXContainerItemProxy;
			containerPortal = F686D3281C3B3C1100CE628A /* Project object */;
			proxyType = 1;
			remoteGlobalIDString = F686D32F1C3B3C1100CE628A;
			remoteInfo = Deployments;
		};
		F686D3581C3B3C1200CE628A /* PBXContainerItemProxy */ = {
			isa = PBXContainerItemProxy;
			containerPortal = F686D3281C3B3C1100CE628A /* Project object */;
			proxyType = 1;
			remoteGlobalIDString = F686D32F1C3B3C1100CE628A;
			remoteInfo = Deployments;
		};
/* End PBXContainerItemProxy section */

/* Begin PBXFileReference section */
		F686D3301C3B3C1100CE628A /* Deployments.app */ = {isa = PBXFileReference; explicitFileType = wrapper.application; includeInIndex = 0; path = Deployments.app; sourceTree = BUILT_PRODUCTS_DIR; };
		F686D3341C3B3C1100CE628A /* main.m */ = {isa = PBXFileReference; lastKnownFileType = sourcecode.c.objc; path = main.m; sourceTree = "<group>"; };
		F686D3361C3B3C1100CE628A /* AppDelegate.h */ = {isa = PBXFileReference; lastKnownFileType = sourcecode.c.h; path = AppDelegate.h; sourceTree = "<group>"; };
		F686D3371C3B3C1100CE628A /* AppDelegate.m */ = {isa = PBXFileReference; lastKnownFileType = sourcecode.c.objc; path = AppDelegate.m; sourceTree = "<group>"; };
		F686D3391C3B3C1100CE628A /* FirstViewController.h */ = {isa = PBXFileReference; lastKnownFileType = sourcecode.c.h; path = FirstViewController.h; sourceTree = "<group>"; };
		F686D33A1C3B3C1100CE628A /* FirstViewController.m */ = {isa = PBXFileReference; lastKnownFileType = sourcecode.c.objc; path = FirstViewController.m; sourceTree = "<group>"; };
		F686D33C1C3B3C1100CE628A /* SecondViewController.h */ = {isa = PBXFileReference; lastKnownFileType = sourcecode.c.h; path = SecondViewController.h; sourceTree = "<group>"; };
		F686D33D1C3B3C1100CE628A /* SecondViewController.m */ = {isa = PBXFileReference; lastKnownFileType = sourcecode.c.objc; path = SecondViewController.m; sourceTree = "<group>"; };
		F686D3401C3B3C1200CE628A /* Base */ = {isa = PBXFileReference; lastKnownFileType = file.storyboard; name = Base; path = Base.lproj/Main.storyboard; sourceTree = "<group>"; };
		F686D3421C3B3C1200CE628A /* Assets.xcassets */ = {isa = PBXFileReference; lastKnownFileType = folder.assetcatalog; path = Assets.xcassets; sourceTree = "<group>"; };
		F686D3451C3B3C1200CE628A /* Base */ = {isa = PBXFileReference; lastKnownFileType = file.storyboard; name = Base; path = Base.lproj/LaunchScreen.storyboard; sourceTree = "<group>"; };
		F686D3471C3B3C1200CE628A /* Info.plist */ = {isa = PBXFileReference; lastKnownFileType = text.plist.xml; path = Info.plist; sourceTree = "<group>"; };
		F686D34C1C3B3C1200CE628A /* DeploymentsTests.xctest */ = {isa = PBXFileReference; explicitFileType = wrapper.cfbundle; includeInIndex = 0; path = DeploymentsTests.xctest; sourceTree = BUILT_PRODUCTS_DIR; };
		F686D3501C3B3C1200CE628A /* DeploymentsTests.m */ = {isa = PBXFileReference; lastKnownFileType = sourcecode.c.objc; path = DeploymentsTests.m; sourceTree = "<group>"; };
		F686D3521C3B3C1200CE628A /* Info.plist */ = {isa = PBXFileReference; lastKnownFileType = text.plist.xml; path = Info.plist; sourceTree = "<group>"; };
		F686D3571C3B3C1200CE628A /* DeploymentsUITests.xctest */ = {isa = PBXFileReference; explicitFileType = wrapper.cfbundle; includeInIndex = 0; path = DeploymentsUITests.xctest; sourceTree = BUILT_PRODUCTS_DIR; };
		F686D35B1C3B3C1200CE628A /* DeploymentsUITests.m */ = {isa = PBXFileReference; lastKnownFileType = sourcecode.c.objc; path = DeploymentsUITests.m; sourceTree = "<group>"; };
		F686D35D1C3B3C1200CE628A /* Info.plist */ = {isa = PBXFileReference; lastKnownFileType = text.plist.xml; path = Info.plist; sourceTree = "<group>"; };
/* End PBXFileReference section */

/* Begin PBXFrameworksBuildPhase section */
		F686D32D1C3B3C1100CE628A /* Frameworks */ = {
			isa = PBXFrameworksBuildPhase;
			buildActionMask = 2147483647;
			files = (
			);
			runOnlyForDeploymentPostprocessing = 0;
		};
		F686D3491C3B3C1200CE628A /* Frameworks */ = {
			isa = PBXFrameworksBuildPhase;
			buildActionMask = 2147483647;
			files = (
			);
			runOnlyForDeploymentPostprocessing = 0;
		};
		F686D3541C3B3C1200CE628A /* Frameworks */ = {
			isa = PBXFrameworksBuildPhase;
			buildActionMask = 2147483647;
			files = (
			);
			runOnlyForDeploymentPostprocessing = 0;
		};
/* End PBXFrameworksBuildPhase section */

/* Begin PBXGroup section */
		F686D3271C3B3C1100CE628A = {
			isa = PBXGroup;
			children = (
				F686D3321C3B3C1100CE628A /* Deployments */,
				F686D34F1C3B3C1200CE628A /* DeploymentsTests */,
				F686D35A1C3B3C1200CE628A /* DeploymentsUITests */,
				F686D3311C3B3C1100CE628A /* Products */,
			);
			sourceTree = "<group>";
		};
		F686D3311C3B3C1100CE628A /* Products */ = {
			isa = PBXGroup;
			children = (
				F686D3301C3B3C1100CE628A /* Deployments.app */,
				F686D34C1C3B3C1200CE628A /* DeploymentsTests.xctest */,
				F686D3571C3B3C1200CE628A /* DeploymentsUITests.xctest */,
			);
			name = Products;
			sourceTree = "<group>";
		};
		F686D3321C3B3C1100CE628A /* Deployments */ = {
			isa = PBXGroup;
			children = (
				F686D3361C3B3C1100CE628A /* AppDelegate.h */,
				F686D3371C3B3C1100CE628A /* AppDelegate.m */,
				F686D3391C3B3C1100CE628A /* FirstViewController.h */,
				F686D33A1C3B3C1100CE628A /* FirstViewController.m */,
				F686D33C1C3B3C1100CE628A /* SecondViewController.h */,
				F686D33D1C3B3C1100CE628A /* SecondViewController.m */,
				F686D33F1C3B3C1200CE628A /* Main.storyboard */,
				F686D3421C3B3C1200CE628A /* Assets.xcassets */,
				F686D3441C3B3C1200CE628A /* LaunchScreen.storyboard */,
				F686D3471C3B3C1200CE628A /* Info.plist */,
				F686D3331C3B3C1100CE628A /* Supporting Files */,
			);
			path = Deployments;
			sourceTree = "<group>";
		};
		F686D3331C3B3C1100CE628A /* Supporting Files */ = {
			isa = PBXGroup;
			children = (
				F686D3341C3B3C1100CE628A /* main.m */,
			);
			name = "Supporting Files";
			sourceTree = "<group>";
		};
		F686D34F1C3B3C1200CE628A /* DeploymentsTests */ = {
			isa = PBXGroup;
			children = (
				F686D3501C3B3C1200CE628A /* DeploymentsTests.m */,
				F686D3521C3B3C1200CE628A /* Info.plist */,
			);
			path = DeploymentsTests;
			sourceTree = "<group>";
		};
		F686D35A1C3B3C1200CE628A /* DeploymentsUITests */ = {
			isa = PBXGroup;
			children = (
				F686D35B1C3B3C1200CE628A /* DeploymentsUITests.m */,
				F686D35D1C3B3C1200CE628A /* Info.plist */,
			);
			path = DeploymentsUITests;
			sourceTree = "<group>";
		};
/* End PBXGroup section */

/* Begin PBXNativeTarget section */
		F686D32F1C3B3C1100CE628A /* Deployments */ = {
			isa = PBXNativeTarget;
			buildConfigurationList = F686D3601C3B3C1200CE628A /* Build configuration list for PBXNativeTarget "Deployments" */;
			buildPhases = (
				F686D32C1C3B3C1100CE628A /* Sources */,
				F686D32D1C3B3C1100CE628A /* Frameworks */,
				F686D32E1C3B3C1100CE628A /* Resources */,
			);
			buildRules = (
			);
			dependencies = (
			);
			name = Deployments;
			productName = Deployments;
			productReference = F686D3301C3B3C1100CE628A /* Deployments.app */;
			productType = "com.apple.product-type.application";
		};
		F686D34B1C3B3C1200CE628A /* DeploymentsTests */ = {
			isa = PBXNativeTarget;
			buildConfigurationList = F686D3631C3B3C1200CE628A /* Build configuration list for PBXNativeTarget "DeploymentsTests" */;
			buildPhases = (
				F686D3481C3B3C1200CE628A /* Sources */,
				F686D3491C3B3C1200CE628A /* Frameworks */,
				F686D34A1C3B3C1200CE628A /* Resources */,
			);
			buildRules = (
			);
			dependencies = (
				F686D34E1C3B3C1200CE628A /* PBXTargetDependency */,
			);
			name = DeploymentsTests;
			productName = DeploymentsTests;
			productReference = F686D34C1C3B3C1200CE628A /* DeploymentsTests.xctest */;
			productType = "com.apple.product-type.bundle.unit-test";
		};
		F686D3561C3B3C1200CE628A /* DeploymentsUITests */ = {
			isa = PBXNativeTarget;
			buildConfigurationList = F686D3661C3B3C1200CE628A /* Build configuration list for PBXNativeTarget "DeploymentsUITests" */;
			buildPhases = (
				F686D3531C3B3C1200CE628A /* Sources */,
				F686D3541C3B3C1200CE628A /* Frameworks */,
				F686D3551C3B3C1200CE628A /* Resources */,
			);
			buildRules = (
			);
			dependencies = (
				F686D3591C3B3C1200CE628A /* PBXTargetDependency */,
			);
			name = DeploymentsUITests;
			productName = DeploymentsUITests;
			productReference = F686D3571C3B3C1200CE628A /* DeploymentsUITests.xctest */;
			productType = "com.apple.product-type.bundle.ui-testing";
		};
/* End PBXNativeTarget section */

/* Begin PBXProject section */
		F686D3281C3B3C1100CE628A /* Project object */ = {
			isa = PBXProject;
			attributes = {
				LastUpgradeCheck = 0720;
				ORGANIZATIONNAME = "David Capatch";
				TargetAttributes = {
					F686D32F1C3B3C1100CE628A = {
						CreatedOnToolsVersion = 7.2;
					};
					F686D34B1C3B3C1200CE628A = {
						CreatedOnToolsVersion = 7.2;
						TestTargetID = F686D32F1C3B3C1100CE628A;
					};
					F686D3561C3B3C1200CE628A = {
						CreatedOnToolsVersion = 7.2;
						TestTargetID = F686D32F1C3B3C1100CE628A;
					};
				};
			};
			buildConfigurationList = F686D32B1C3B3C1100CE628A /* Build configuration list for PBXProject "Deployments" */;
			compatibilityVersion = "Xcode 3.2";
			developmentRegion = English;
			hasScannedForEncodings = 0;
			knownRegions = (
				en,
				Base,
			);
			mainGroup = F686D3271C3B3C1100CE628A;
			productRefGroup = F686D3311C3B3C1100CE628A /* Products */;
			projectDirPath = "";
			projectRoot = "";
			targets = (
				F686D32F1C3B3C1100CE628A /* Deployments */,
				F686D34B1C3B3C1200CE628A /* DeploymentsTests */,
				F686D3561C3B3C1200CE628A /* DeploymentsUITests */,
			);
		};
/* End PBXProject section */

/* Begin PBXResourcesBuildPhase section */
		F686D32E1C3B3C1100CE628A /* Resources */ = {
			isa = PBXResourcesBuildPhase;
			buildActionMask = 2147483647;
			files = (
				F686D3461C3B3C1200CE628A /* LaunchScreen.storyboard in Resources */,
				F686D3431C3B3C1200CE628A /* Assets.xcassets in Resources */,
				F686D3411C3B3C1200CE628A /* Main.storyboard in Resources */,
			);
			runOnlyForDeploymentPostprocessing = 0;
		};
		F686D34A1C3B3C1200CE628A /* Resources */ = {
			isa = PBXResourcesBuildPhase;
			buildActionMask = 2147483647;
			files = (
			);
			runOnlyForDeploymentPostprocessing = 0;
		};
		F686D3551C3B3C1200CE628A /* Resources */ = {
			isa = PBXResourcesBuildPhase;
			buildActionMask = 2147483647;
			files = (
			);
			runOnlyForDeploymentPostprocessing = 0;
		};
/* End PBXResourcesBuildPhase section */

/* Begin PBXSourcesBuildPhase section */
		F686D32C1C3B3C1100CE628A /* Sources */ = {
			isa = PBXSourcesBuildPhase;
			buildActionMask = 2147483647;
			files = (
				F686D33E1C3B3C1100CE628A /* SecondViewController.m in Sources */,
				F686D3381C3B3C1100CE628A /* AppDelegate.m in Sources */,
				F686D33B1C3B3C1100CE628A /* FirstViewController.m in Sources */,
				F686D3351C3B3C1100CE628A /* main.m in Sources */,
			);
			runOnlyForDeploymentPostprocessing = 0;
		};
		F686D3481C3B3C1200CE628A /* Sources */ = {
			isa = PBXSourcesBuildPhase;
			buildActionMask = 2147483647;
			files = (
				F686D3511C3B3C1200CE628A /* DeploymentsTests.m in Sources */,
			);
			runOnlyForDeploymentPostprocessing = 0;
		};
		F686D3531C3B3C1200CE628A /* Sources */ = {
			isa = PBXSourcesBuildPhase;
			buildActionMask = 2147483647;
			files = (
				F686D35C1C3B3C1200CE628A /* DeploymentsUITests.m in Sources */,
			);
			runOnlyForDeploymentPostprocessing = 0;
		};
/* End PBXSourcesBuildPhase section */

/* Begin PBXTargetDependency section */
		F686D34E1C3B3C1200CE628A /* PBXTargetDependency */ = {
			isa = PBXTargetDependency;
			target = F686D32F1C3B3C1100CE628A /* Deployments */;
			targetProxy = F686D34D1C3B3C1200CE628A /* PBXContainerItemProxy */;
		};
		F686D3591C3B3C1200CE628A /* PBXTargetDependency */ = {
			isa = PBXTargetDependency;
			target = F686D32F1C3B3C1100CE628A /* Deployments */;
			targetProxy = F686D3581C3B3C1200CE628A /* PBXContainerItemProxy */;
		};
/* End PBXTargetDependency section */

/* Begin PBXVariantGroup section */
		F686D33F1C3B3C1200CE628A /* Main.storyboard */ = {
			isa = PBXVariantGroup;
			children = (
				F686D3401C3B3C1200CE628A /* Base */,
			);
			name = Main.storyboard;
			sourceTree = "<group>";
		};
		F686D3441C3B3C1200CE628A /* LaunchScreen.storyboard */ = {
			isa = PBXVariantGroup;
			children = (
				F686D3451C3B3C1200CE628A /* Base */,
			);
			name = LaunchScreen.storyboard;
			sourceTree = "<group>";
		};
/* End PBXVariantGroup section */

/* Begin XCBuildConfiguration section */
		F686D35E1C3B3C1200CE628A /* Debug */ = {
			isa = XCBuildConfiguration;
			buildSettings = {
				ALWAYS_SEARCH_USER_PATHS = NO;
				CLANG_CXX_LANGUAGE_STANDARD = "gnu++0x";
				CLANG_CXX_LIBRARY = "libc++";
				CLANG_ENABLE_MODULES = YES;
				CLANG_ENABLE_OBJC_ARC = YES;
				CLANG_WARN_BOOL_CONVERSION = YES;
				CLANG_WARN_CONSTANT_CONVERSION = YES;
				CLANG_WARN_DIRECT_OBJC_ISA_USAGE = YES_ERROR;
				CLANG_WARN_EMPTY_BODY = YES;
				CLANG_WARN_ENUM_CONVERSION = YES;
				CLANG_WARN_INT_CONVERSION = YES;
				CLANG_WARN_OBJC_ROOT_CLASS = YES_ERROR;
				CLANG_WARN_UNREACHABLE_CODE = YES;
				CLANG_WARN__DUPLICATE_METHOD_MATCH = YES;
				"CODE_SIGN_IDENTITY[sdk=iphoneos*]" = "iPhone Developer";
				COPY_PHASE_STRIP = NO;
				DEBUG_INFORMATION_FORMAT = dwarf;
				ENABLE_STRICT_OBJC_MSGSEND = YES;
				ENABLE_TESTABILITY = YES;
				GCC_C_LANGUAGE_STANDARD = gnu99;
				GCC_DYNAMIC_NO_PIC = NO;
				GCC_NO_COMMON_BLOCKS = YES;
				GCC_OPTIMIZATION_LEVEL = 0;
				GCC_PREPROCESSOR_DEFINITIONS = (
					"DEBUG=1",
					"$(inherited)",
				);
				GCC_WARN_64_TO_32_BIT_CONVERSION = YES;
				GCC_WARN_ABOUT_RETURN_TYPE = YES_ERROR;
				GCC_WARN_UNDECLARED_SELECTOR = YES;
				GCC_WARN_UNINITIALIZED_AUTOS = YES_AGGRESSIVE;
				GCC_WARN_UNUSED_FUNCTION = YES;
				GCC_WARN_UNUSED_VARIABLE = YES;
				IPHONEOS_DEPLOYMENT_TARGET = 9.2;
				MTL_ENABLE_DEBUG_INFO = YES;
				ONLY_ACTIVE_ARCH = YES;
				SDKROOT = iphoneos;
				TARGETED_DEVICE_FAMILY = "1,2";
			};
			name = Debug;
		};
		F686D35F1C3B3C1200CE628A /* Release */ = {
			isa = XCBuildConfiguration;
			buildSettings = {
				ALWAYS_SEARCH_USER_PATHS = NO;
				CLANG_CXX_LANGUAGE_STANDARD = "gnu++0x";
				CLANG_CXX_LIBRARY = "libc++";
				CLANG_ENABLE_MODULES = YES;
				CLANG_ENABLE_OBJC_ARC = YES;
				CLANG_WARN_BOOL_CONVERSION = YES;
				CLANG_WARN_CONSTANT_CONVERSION = YES;
				CLANG_WARN_DIRECT_OBJC_ISA_USAGE = YES_ERROR;
				CLANG_WARN_EMPTY_BODY = YES;
				CLANG_WARN_ENUM_CONVERSION = YES;
				CLANG_WARN_INT_CONVERSION = YES;
				CLANG_WARN_OBJC_ROOT_CLASS = YES_ERROR;
				CLANG_WARN_UNREACHABLE_CODE = YES;
				CLANG_WARN__DUPLICATE_METHOD_MATCH = YES;
				"CODE_SIGN_IDENTITY[sdk=iphoneos*]" = "iPhone Developer";
				COPY_PHASE_STRIP = NO;
				DEBUG_INFORMATION_FORMAT = "dwarf-with-dsym";
				ENABLE_NS_ASSERTIONS = NO;
				ENABLE_STRICT_OBJC_MSGSEND = YES;
				GCC_C_LANGUAGE_STANDARD = gnu99;
				GCC_NO_COMMON_BLOCKS = YES;
				GCC_WARN_64_TO_32_BIT_CONVERSION = YES;
				GCC_WARN_ABOUT_RETURN_TYPE = YES_ERROR;
				GCC_WARN_UNDECLARED_SELECTOR = YES;
				GCC_WARN_UNINITIALIZED_AUTOS = YES_AGGRESSIVE;
				GCC_WARN_UNUSED_FUNCTION = YES;
				GCC_WARN_UNUSED_VARIABLE = YES;
				IPHONEOS_DEPLOYMENT_TARGET = 9.2;
				MTL_ENABLE_DEBUG_INFO = NO;
				SDKROOT = iphoneos;
				TARGETED_DEVICE_FAMILY = "1,2";
				VALIDATE_PRODUCT = YES;
			};
			name = Release;
		};
		F686D3611C3B3C1200CE628A /* Debug */ = {
			isa = XCBuildConfiguration;
			buildSettings = {
				ASSETCATALOG_COMPILER_APPICON_NAME = AppIcon;
				INFOPLIST_FILE = Deployments/Info.plist;
				LD_RUNPATH_SEARCH_PATHS = "$(inherited) @executable_path/Frameworks";
				PRODUCT_BUNDLE_IDENTIFIER = Novipod.Deployments;
				PRODUCT_NAME = "$(TARGET_NAME)";
			};
			name = Debug;
		};
		F686D3621C3B3C1200CE628A /* Release */ = {
			isa = XCBuildConfiguration;
			buildSettings = {
				ASSETCATALOG_COMPILER_APPICON_NAME = AppIcon;
				INFOPLIST_FILE = Deployments/Info.plist;
				LD_RUNPATH_SEARCH_PATHS = "$(inherited) @executable_path/Frameworks";
				PRODUCT_BUNDLE_IDENTIFIER = Novipod.Deployments;
				PRODUCT_NAME = "$(TARGET_NAME)";
			};
			name = Release;
		};
		F686D3641C3B3C1200CE628A /* Debug */ = {
			isa = XCBuildConfiguration;
			buildSettings = {
				BUNDLE_LOADER = "$(TEST_HOST)";
				INFOPLIST_FILE = DeploymentsTests/Info.plist;
				LD_RUNPATH_SEARCH_PATHS = "$(inherited) @executable_path/Frameworks @loader_path/Frameworks";
				PRODUCT_BUNDLE_IDENTIFIER = Novipod.DeploymentsTests;
				PRODUCT_NAME = "$(TARGET_NAME)";
				TEST_HOST = "$(BUILT_PRODUCTS_DIR)/Deployments.app/Deployments";
			};
			name = Debug;
		};
		F686D3651C3B3C1200CE628A /* Release */ = {
			isa = XCBuildConfiguration;
			buildSettings = {
				BUNDLE_LOADER = "$(TEST_HOST)";
				INFOPLIST_FILE = DeploymentsTests/Info.plist;
				LD_RUNPATH_SEARCH_PATHS = "$(inherited) @executable_path/Frameworks @loader_path/Frameworks";
				PRODUCT_BUNDLE_IDENTIFIER = Novipod.DeploymentsTests;
				PRODUCT_NAME = "$(TARGET_NAME)";
				TEST_HOST = "$(BUILT_PRODUCTS_DIR)/Deployments.app/Deployments";
			};
			name = Release;
		};
		F686D3671C3B3C1200CE628A /* Debug */ = {
			isa = XCBuildConfiguration;
			buildSettings = {
				INFOPLIST_FILE = DeploymentsUITests/Info.plist;
				LD_RUNPATH_SEARCH_PATHS = "$(inherited) @executable_path/Frameworks @loader_path/Frameworks";
				PRODUCT_BUNDLE_IDENTIFIER = Novipod.DeploymentsUITests;
				PRODUCT_NAME = "$(TARGET_NAME)";
				TEST_TARGET_NAME = Deployments;
				USES_XCTRUNNER = YES;
			};
			name = Debug;
		};
		F686D3681C3B3C1200CE628A /* Release */ = {
			isa = XCBuildConfiguration;
			buildSettings = {
				INFOPLIST_FILE = DeploymentsUITests/Info.plist;
				LD_RUNPATH_SEARCH_PATHS = "$(inherited) @executable_path/Frameworks @loader_path/Frameworks";
				PRODUCT_BUNDLE_IDENTIFIER = Novipod.DeploymentsUITests;
				PRODUCT_NAME = "$(TARGET_NAME)";
				TEST_TARGET_NAME = Deployments;
				USES_XCTRUNNER = YES;
			};
			name = Release;
		};
/* End XCBuildConfiguration section */

/* Begin XCConfigurationList section */
		F686D32B1C3B3C1100CE628A /* Build configuration list for PBXProject "Deployments" */ = {
			isa = XCConfigurationList;
			buildConfigurations = (
				F686D35E1C3B3C1200CE628A /* Debug */,
				F686D35F1C3B3C1200CE628A /* Release */,
			);
			defaultConfigurationIsVisible = 0;
			defaultConfigurationName = Release;
		};
		F686D3601C3B3C1200CE628A /* Build configuration list for PBXNativeTarget "Deployments" */ = {
			isa = XCConfigurationList;
			buildConfigurations = (
				F686D3611C3B3C1200CE628A /* Debug */,
				F686D3621C3B3C1200CE628A /* Release */,
			);
			defaultConfigurationIsVisible = 0;
		};
		F686D3631C3B3C1200CE628A /* Build configuration list for PBXNativeTarget "DeploymentsTests" */ = {
			isa = XCConfigurationList;
			buildConfigurations = (
				F686D3641C3B3C1200CE628A /* Debug */,
				F686D3651C3B3C1200CE628A /* Release */,
			);
			defaultConfigurationIsVisible = 0;
		};
		F686D3661C3B3C1200CE628A /* Build configuration list for PBXNativeTarget "DeploymentsUITests" */ = {
			isa = XCConfigurationList;
			buildConfigurations = (
				F686D3671C3B3C1200CE628A /* Debug */,
				F686D3681C3B3C1200CE628A /* Release */,
			);
			defaultConfigurationIsVisible = 0;
		};
/* End XCConfigurationList section */
	};
	rootObject = F686D3281C3B3C1100CE628A /* Project object */;
}
